
Microsoft Visual Studio Solution File, Format Version 12.00
# Visual Studio 15
VisualStudioVersion = 15.0.27703.2047
MinimumVisualStudioVersion = 10.0.40219.1
Project("{FAE04EC0-301F-11D3-BF4B-00C04F79EFBC}") = "Automatron", "Automatron\Automatron.csproj", "{A673C0F7-CE0C-42BF-A0E6-26BA08193EF0}"
EndProject
Global
	GlobalSection(SolutionConfigurationPlatforms) = preSolution
		Debug|Any CPU = Debug|Any CPU
		Release|Any CPU = Release|Any CPU
	EndGlobalSection
	GlobalSection(ProjectConfigurationPlatforms) = postSolution
		{A673C0F7-CE0C-42BF-A0E6-26BA08193EF0}.Debug|Any CPU.ActiveCfg = Debug|Any CPU
		{A673C0F7-CE0C-42BF-A0E6-26BA08193EF0}.Debug|Any CPU.Build.0 = Debug|Any CPU
		{A673C0F7-CE0C-42BF-A0E6-26BA08193EF0}.Release|Any CPU.ActiveCfg = Release|Any CPU
		{A673C0F7-CE0C-42BF-A0E6-26BA08193EF0}.Release|Any CPU.Build.0 = Release|Any CPU
	EndGlobalSection
	GlobalSection(SolutionProperties) = preSolution
		HideSolutionNode = FALSE
	EndGlobalSection
	GlobalSection(ExtensibilityGlobals) = postSolution
		SolutionGuid = {ECAC637D-D6D7-4355-A907-2A5C43DFBD52}
	EndGlobalSection
EndGlobal
